
Microsoft Visual Studio Solution File, Format Version 12.00
# Visual Studio 14
VisualStudioVersion = 14.0.25420.1
MinimumVisualStudioVersion = 10.0.40219.1
Project("{8BC9CEB8-8B4A-11D0-8D11-00A0C91BC942}") = "cloud_platform", "cloud_platform\cloud_platform.vcxproj", "{7F3B078F-0CF1-4E99-AE12-62B55E398800}"
EndProject
Project("{8BC9CEB8-8B4A-11D0-8D11-00A0C91BC942}") = "common", "common\common.vcxproj", "{93D1A19D-194F-4812-9296-A6DFD0F06F4C}"
EndProject
Global
	GlobalSection(SolutionConfigurationPlatforms) = preSolution
		Debug|ARM = Debug|ARM
		Debug|x64 = Debug|x64
		Debug|x86 = Debug|x86
		Release|ARM = Release|ARM
		Release|x64 = Release|x64
		Release|x86 = Release|x86
	EndGlobalSection
	GlobalSection(ProjectConfigurationPlatforms) = postSolution
		{7F3B078F-0CF1-4E99-AE12-62B55E398800}.Debug|ARM.ActiveCfg = Debug|Win32
		{7F3B078F-0CF1-4E99-AE12-62B55E398800}.Debug|x64.ActiveCfg = Debug|x64
		{7F3B078F-0CF1-4E99-AE12-62B55E398800}.Debug|x64.Build.0 = Debug|x64
		{7F3B078F-0CF1-4E99-AE12-62B55E398800}.Debug|x86.ActiveCfg = Debug|Win32
		{7F3B078F-0CF1-4E99-AE12-62B55E398800}.Debug|x86.Build.0 = Debug|Win32
		{7F3B078F-0CF1-4E99-AE12-62B55E398800}.Release|ARM.ActiveCfg = Release|Win32
		{7F3B078F-0CF1-4E99-AE12-62B55E398800}.Release|x64.ActiveCfg = Release|x64
		{7F3B078F-0CF1-4E99-AE12-62B55E398800}.Release|x64.Build.0 = Release|x64
		{7F3B078F-0CF1-4E99-AE12-62B55E398800}.Release|x86.ActiveCfg = Release|Win32
		{7F3B078F-0CF1-4E99-AE12-62B55E398800}.Release|x86.Build.0 = Release|Win32
		{93D1A19D-194F-4812-9296-A6DFD0F06F4C}.Debug|ARM.ActiveCfg = Debug|Win32
		{93D1A19D-194F-4812-9296-A6DFD0F06F4C}.Debug|x64.ActiveCfg = Debug|x64
		{93D1A19D-194F-4812-9296-A6DFD0F06F4C}.Debug|x64.Build.0 = Debug|x64
		{93D1A19D-194F-4812-9296-A6DFD0F06F4C}.Debug|x86.ActiveCfg = Debug|Win32
		{93D1A19D-194F-4812-9296-A6DFD0F06F4C}.Debug|x86.Build.0 = Debug|Win32
		{93D1A19D-194F-4812-9296-A6DFD0F06F4C}.Release|ARM.ActiveCfg = Release|Win32
		{93D1A19D-194F-4812-9296-A6DFD0F06F4C}.Release|x64.ActiveCfg = Release|x64
		{93D1A19D-194F-4812-9296-A6DFD0F06F4C}.Release|x64.Build.0 = Release|x64
		{93D1A19D-194F-4812-9296-A6DFD0F06F4C}.Release|x86.ActiveCfg = Release|Win32
		{93D1A19D-194F-4812-9296-A6DFD0F06F4C}.Release|x86.Build.0 = Release|Win32
	EndGlobalSection
	GlobalSection(SolutionProperties) = preSolution
		HideSolutionNode = FALSE
	EndGlobalSection
EndGlobal
